
Microsoft Visual Studio Solution File, Format Version 12.00
# Visual Studio 15
VisualStudioVersion = 15.0.28307.421
MinimumVisualStudioVersion = 10.0.40219.1
Project("{8BC9CEB8-8B4A-11D0-8D11-00A0C91BC942}") = "十大经典算法", "十大经典算法1\十大经典算法1.vcxproj", "{958C8DF5-339C-4E7C-965F-06C504F2066D}"
EndProject
Global
	GlobalSection(SolutionConfigurationPlatforms) = preSolution
		Debug|x64 = Debug|x64
		Debug|x86 = Debug|x86
		Release|x64 = Release|x64
		Release|x86 = Release|x86
	EndGlobalSection
	GlobalSection(ProjectConfigurationPlatforms) = postSolution
		{958C8DF5-339C-4E7C-965F-06C504F2066D}.Debug|x64.ActiveCfg = Debug|x64
		{958C8DF5-339C-4E7C-965F-06C504F2066D}.Debug|x64.Build.0 = Debug|x64
		{958C8DF5-339C-4E7C-965F-06C504F2066D}.Debug|x86.ActiveCfg = Debug|Win32
		{958C8DF5-339C-4E7C-965F-06C504F2066D}.Debug|x86.Build.0 = Debug|Win32
		{958C8DF5-339C-4E7C-965F-06C504F2066D}.Release|x64.ActiveCfg = Release|x64
		{958C8DF5-339C-4E7C-965F-06C504F2066D}.Release|x64.Build.0 = Release|x64
		{958C8DF5-339C-4E7C-965F-06C504F2066D}.Release|x86.ActiveCfg = Release|Win32
		{958C8DF5-339C-4E7C-965F-06C504F2066D}.Release|x86.Build.0 = Release|Win32
	EndGlobalSection
	GlobalSection(SolutionProperties) = preSolution
		HideSolutionNode = FALSE
	EndGlobalSection
	GlobalSection(ExtensibilityGlobals) = postSolution
		SolutionGuid = {FD11C028-7A10-4D11-BCF9-B6D1540651CC}
	EndGlobalSection
EndGlobal
